
Microsoft Visual Studio Solution File, Format Version 12.00
# Visual Studio Version 17
VisualStudioVersion = 17.10.35004.147
MinimumVisualStudioVersion = 10.0.40219.1
Project("{9A19103F-16F7-4668-BE54-9A1E7A4F7556}") = "Agendador.Domain", "Agendador.Domain\Agendador.Domain.csproj", "{B34858FE-AB97-4578-B59D-566A5A36A41E}"
EndProject
Project("{9A19103F-16F7-4668-BE54-9A1E7A4F7556}") = "Agendador.Application", "Agendador.Application\Agendador.Application.csproj", "{AFE944FB-373D-4F24-ADB1-3C3D2AA9A942}"
EndProject
Project("{9A19103F-16F7-4668-BE54-9A1E7A4F7556}") = "Agendador.Infrastructure", "Agendador.Infrastructure\Agendador.Infrastructure.csproj", "{FF6608E0-AFDC-43CA-95D3-5E4F1FE7AF5D}"
EndProject
Project("{9A19103F-16F7-4668-BE54-9A1E7A4F7556}") = "Agendador.CrossCutting", "Agendador.CrossCutting\Agendador.CrossCutting.csproj", "{3BD2D27B-4335-4A68-BBEE-CCE0F8C7C1B2}"
EndProject
Project("{9A19103F-16F7-4668-BE54-9A1E7A4F7556}") = "Agendador.API", "Agendador.API\Agendador.API.csproj", "{07BDC61F-4783-4286-A6AE-BADFC66BEA91}"
EndProject
Project("{FAE04EC0-301F-11D3-BF4B-00C04F79EFBC}") = "AgendadorxUnitTests", "AgendadorxUnitTests\AgendadorxUnitTests.csproj", "{5439DC19-A125-4D69-ABF6-42343331711A}"
EndProject
Global
	GlobalSection(SolutionConfigurationPlatforms) = preSolution
		Debug|Any CPU = Debug|Any CPU
		Release|Any CPU = Release|Any CPU
	EndGlobalSection
	GlobalSection(ProjectConfigurationPlatforms) = postSolution
		{B34858FE-AB97-4578-B59D-566A5A36A41E}.Debug|Any CPU.ActiveCfg = Debug|Any CPU
		{B34858FE-AB97-4578-B59D-566A5A36A41E}.Debug|Any CPU.Build.0 = Debug|Any CPU
		{B34858FE-AB97-4578-B59D-566A5A36A41E}.Release|Any CPU.ActiveCfg = Release|Any CPU
		{B34858FE-AB97-4578-B59D-566A5A36A41E}.Release|Any CPU.Build.0 = Release|Any CPU
		{AFE944FB-373D-4F24-ADB1-3C3D2AA9A942}.Debug|Any CPU.ActiveCfg = Debug|Any CPU
		{AFE944FB-373D-4F24-ADB1-3C3D2AA9A942}.Debug|Any CPU.Build.0 = Debug|Any CPU
		{AFE944FB-373D-4F24-ADB1-3C3D2AA9A942}.Release|Any CPU.ActiveCfg = Release|Any CPU
		{AFE944FB-373D-4F24-ADB1-3C3D2AA9A942}.Release|Any CPU.Build.0 = Release|Any CPU
		{FF6608E0-AFDC-43CA-95D3-5E4F1FE7AF5D}.Debug|Any CPU.ActiveCfg = Debug|Any CPU
		{FF6608E0-AFDC-43CA-95D3-5E4F1FE7AF5D}.Debug|Any CPU.Build.0 = Debug|Any CPU
		{FF6608E0-AFDC-43CA-95D3-5E4F1FE7AF5D}.Release|Any CPU.ActiveCfg = Release|Any CPU
		{FF6608E0-AFDC-43CA-95D3-5E4F1FE7AF5D}.Release|Any CPU.Build.0 = Release|Any CPU
		{3BD2D27B-4335-4A68-BBEE-CCE0F8C7C1B2}.Debug|Any CPU.ActiveCfg = Debug|Any CPU
		{3BD2D27B-4335-4A68-BBEE-CCE0F8C7C1B2}.Debug|Any CPU.Build.0 = Debug|Any CPU
		{3BD2D27B-4335-4A68-BBEE-CCE0F8C7C1B2}.Release|Any CPU.ActiveCfg = Release|Any CPU
		{3BD2D27B-4335-4A68-BBEE-CCE0F8C7C1B2}.Release|Any CPU.Build.0 = Release|Any CPU
		{07BDC61F-4783-4286-A6AE-BADFC66BEA91}.Debug|Any CPU.ActiveCfg = Debug|Any CPU
		{07BDC61F-4783-4286-A6AE-BADFC66BEA91}.Debug|Any CPU.Build.0 = Debug|Any CPU
		{07BDC61F-4783-4286-A6AE-BADFC66BEA91}.Release|Any CPU.ActiveCfg = Release|Any CPU
		{07BDC61F-4783-4286-A6AE-BADFC66BEA91}.Release|Any CPU.Build.0 = Release|Any CPU
		{5439DC19-A125-4D69-ABF6-42343331711A}.Debug|Any CPU.ActiveCfg = Debug|Any CPU
		{5439DC19-A125-4D69-ABF6-42343331711A}.Debug|Any CPU.Build.0 = Debug|Any CPU
		{5439DC19-A125-4D69-ABF6-42343331711A}.Release|Any CPU.ActiveCfg = Release|Any CPU
		{5439DC19-A125-4D69-ABF6-42343331711A}.Release|Any CPU.Build.0 = Release|Any CPU
	EndGlobalSection
	GlobalSection(SolutionProperties) = preSolution
		HideSolutionNode = FALSE
	EndGlobalSection
	GlobalSection(ExtensibilityGlobals) = postSolution
		SolutionGuid = {4EE4A625-6E63-4AA7-B6F9-AB7B378AD1A6}
	EndGlobalSection
EndGlobal
